
Microsoft Visual Studio Solution File, Format Version 12.00
# Visual Studio Version 17
VisualStudioVersion = 17.11.35222.181
MinimumVisualStudioVersion = 10.0.40219.1
Project("{FAE04EC0-301F-11D3-BF4B-00C04F79EFBC}") = "Final", "Final\Final.csproj", "{72083634-C265-42AC-9532-BA2EE8921182}"
EndProject
Global
	GlobalSection(SolutionConfigurationPlatforms) = preSolution
		Debug|Any CPU = Debug|Any CPU
		Release|Any CPU = Release|Any CPU
	EndGlobalSection
	GlobalSection(ProjectConfigurationPlatforms) = postSolution
		{72083634-C265-42AC-9532-BA2EE8921182}.Debug|Any CPU.ActiveCfg = Debug|Any CPU
		{72083634-C265-42AC-9532-BA2EE8921182}.Debug|Any CPU.Build.0 = Debug|Any CPU
		{72083634-C265-42AC-9532-BA2EE8921182}.Release|Any CPU.ActiveCfg = Release|Any CPU
		{72083634-C265-42AC-9532-BA2EE8921182}.Release|Any CPU.Build.0 = Release|Any CPU
	EndGlobalSection
	GlobalSection(SolutionProperties) = preSolution
		HideSolutionNode = FALSE
	EndGlobalSection
	GlobalSection(ExtensibilityGlobals) = postSolution
		SolutionGuid = {60DA4294-CCCB-4261-9CE2-6323F5E965D4}
	EndGlobalSection
EndGlobal
